// !$*UTF8*$!
{
	archiveVersion = 1;
	classes = {
	};
	objectVersion = 46;
	objects = {

/* Begin PBXBuildFile section */
		367FE40A1D3AE17F0012A56F /* AppDelegate.swift in Sources */ = {isa = PBXBuildFile; fileRef = 367FE4091D3AE17F0012A56F /* AppDelegate.swift */; };
		367FE40C1D3AE17F0012A56F /* ViewController.swift in Sources */ = {isa = PBXBuildFile; fileRef = 367FE40B1D3AE17F0012A56F /* ViewController.swift */; };
		367FE40F1D3AE17F0012A56F /* Main.storyboard in Resources */ = {isa = PBXBuildFile; fileRef = 367FE40D1D3AE17F0012A56F /* Main.storyboard */; };
		367FE4111D3AE17F0012A56F /* Assets.xcassets in Resources */ = {isa = PBXBuildFile; fileRef = 367FE4101D3AE17F0012A56F /* Assets.xcassets */; };
		367FE4141D3AE17F0012A56F /* LaunchScreen.storyboard in Resources */ = {isa = PBXBuildFile; fileRef = 367FE4121D3AE17F0012A56F /* LaunchScreen.storyboard */; };
		367FE41F1D3AE17F0012A56F /* pokemonTrackerTests.swift in Sources */ = {isa = PBXBuildFile; fileRef = 367FE41E1D3AE17F0012A56F /* pokemonTrackerTests.swift */; };
		367FE42E1D3AEEC00012A56F /* mapAnnotation.swift in Sources */ = {isa = PBXBuildFile; fileRef = 367FE42D1D3AEEC00012A56F /* mapAnnotation.swift */; };
		367FE4301D3AEFC30012A56F /* pokemonAnnotation.swift in Sources */ = {isa = PBXBuildFile; fileRef = 367FE42F1D3AEFC30012A56F /* pokemonAnnotation.swift */; };
		367FE4321D3AF2F40012A56F /* VCMapView.swift in Sources */ = {isa = PBXBuildFile; fileRef = 367FE4311D3AF2F40012A56F /* VCMapView.swift */; };
		367FE4341D3B20380012A56F /* PinTappedView.swift in Sources */ = {isa = PBXBuildFile; fileRef = 367FE4331D3B20380012A56F /* PinTappedView.swift */; };
		367FE43A1D3B455A0012A56F /* serverHelper.swift in Sources */ = {isa = PBXBuildFile; fileRef = 367FE4391D3B455A0012A56F /* serverHelper.swift */; };
		367FE43E1D3B505B0012A56F /* MainViewControllerProtocol.swift in Sources */ = {isa = PBXBuildFile; fileRef = 367FE43D1D3B505B0012A56F /* MainViewControllerProtocol.swift */; };
		367FE4401D3BDFD90012A56F /* PinAddedPopUpViewViewController.swift in Sources */ = {isa = PBXBuildFile; fileRef = 367FE43F1D3BDFD90012A56F /* PinAddedPopUpViewViewController.swift */; };
		367FE4441D3BFB390012A56F /* PokemonDataStore.swift in Sources */ = {isa = PBXBuildFile; fileRef = 367FE4431D3BFB390012A56F /* PokemonDataStore.swift */; };
		367FE44A1D3C2C2B0012A56F /* RatingsControl.swift in Sources */ = {isa = PBXBuildFile; fileRef = 367FE4491D3C2C2B0012A56F /* RatingsControl.swift */; };
		367FE44C1D3C2E6D0012A56F /* PokemonDetailView.swift in Sources */ = {isa = PBXBuildFile; fileRef = 367FE44B1D3C2E6D0012A56F /* PokemonDetailView.swift */; };
		367FE44E1D3C351E0012A56F /* Vote.swift in Sources */ = {isa = PBXBuildFile; fileRef = 367FE44D1D3C351E0012A56F /* Vote.swift */; };
		9C3194321D3B0FBF00B85F27 /* DraggablePokeballPin.swift in Sources */ = {isa = PBXBuildFile; fileRef = 9C3194311D3B0FBF00B85F27 /* DraggablePokeballPin.swift */; };
		9C3194341D3B132C00B85F27 /* Constants.swift in Sources */ = {isa = PBXBuildFile; fileRef = 9C3194331D3B132C00B85F27 /* Constants.swift */; };
/* End PBXBuildFile section */

/* Begin PBXContainerItemProxy section */
		367FE41B1D3AE17F0012A56F /* PBXContainerItemProxy */ = {
			isa = PBXContainerItemProxy;
			containerPortal = 367FE3FE1D3AE17F0012A56F /* Project object */;
			proxyType = 1;
			remoteGlobalIDString = 367FE4051D3AE17F0012A56F;
			remoteInfo = pokemonTracker;
		};
/* End PBXContainerItemProxy section */

/* Begin PBXFileReference section */
		367FE4061D3AE17F0012A56F /* pokemonTracker.app */ = {isa = PBXFileReference; explicitFileType = wrapper.application; includeInIndex = 0; path = pokemonTracker.app; sourceTree = BUILT_PRODUCTS_DIR; };
		367FE4091D3AE17F0012A56F /* AppDelegate.swift */ = {isa = PBXFileReference; lastKnownFileType = sourcecode.swift; path = AppDelegate.swift; sourceTree = "<group>"; };
		367FE40B1D3AE17F0012A56F /* ViewController.swift */ = {isa = PBXFileReference; lastKnownFileType = sourcecode.swift; path = ViewController.swift; sourceTree = "<group>"; };
		367FE40E1D3AE17F0012A56F /* Base */ = {isa = PBXFileReference; lastKnownFileType = file.storyboard; name = Base; path = Base.lproj/Main.storyboard; sourceTree = "<group>"; };
		367FE4101D3AE17F0012A56F /* Assets.xcassets */ = {isa = PBXFileReference; lastKnownFileType = folder.assetcatalog; path = Assets.xcassets; sourceTree = "<group>"; };
		367FE4131D3AE17F0012A56F /* Base */ = {isa = PBXFileReference; lastKnownFileType = file.storyboard; name = Base; path = Base.lproj/LaunchScreen.storyboard; sourceTree = "<group>"; };
		367FE4151D3AE17F0012A56F /* Info.plist */ = {isa = PBXFileReference; lastKnownFileType = text.plist.xml; path = Info.plist; sourceTree = "<group>"; };
		367FE41A1D3AE17F0012A56F /* pokemonTrackerTests.xctest */ = {isa = PBXFileReference; explicitFileType = wrapper.cfbundle; includeInIndex = 0; path = pokemonTrackerTests.xctest; sourceTree = BUILT_PRODUCTS_DIR; };
		367FE41E1D3AE17F0012A56F /* pokemonTrackerTests.swift */ = {isa = PBXFileReference; lastKnownFileType = sourcecode.swift; path = pokemonTrackerTests.swift; sourceTree = "<group>"; };
		367FE4201D3AE17F0012A56F /* Info.plist */ = {isa = PBXFileReference; lastKnownFileType = text.plist.xml; path = Info.plist; sourceTree = "<group>"; };
		367FE4291D3AE18B0012A56F /* MapKit.framework */ = {isa = PBXFileReference; lastKnownFileType = wrapper.framework; name = MapKit.framework; path = System/Library/Frameworks/MapKit.framework; sourceTree = SDKROOT; };
		367FE42D1D3AEEC00012A56F /* mapAnnotation.swift */ = {isa = PBXFileReference; fileEncoding = 4; lastKnownFileType = sourcecode.swift; path = mapAnnotation.swift; sourceTree = "<group>"; };
		367FE42F1D3AEFC30012A56F /* pokemonAnnotation.swift */ = {isa = PBXFileReference; fileEncoding = 4; lastKnownFileType = sourcecode.swift; path = pokemonAnnotation.swift; sourceTree = "<group>"; };
		367FE4311D3AF2F40012A56F /* VCMapView.swift */ = {isa = PBXFileReference; fileEncoding = 4; lastKnownFileType = sourcecode.swift; path = VCMapView.swift; sourceTree = "<group>"; };
		367FE4331D3B20380012A56F /* PinTappedView.swift */ = {isa = PBXFileReference; fileEncoding = 4; lastKnownFileType = sourcecode.swift; path = PinTappedView.swift; sourceTree = "<group>"; };
		367FE4391D3B455A0012A56F /* serverHelper.swift */ = {isa = PBXFileReference; fileEncoding = 4; lastKnownFileType = sourcecode.swift; path = serverHelper.swift; sourceTree = "<group>"; };
		367FE43D1D3B505B0012A56F /* MainViewControllerProtocol.swift */ = {isa = PBXFileReference; fileEncoding = 4; lastKnownFileType = sourcecode.swift; path = MainViewControllerProtocol.swift; sourceTree = "<group>"; };
		367FE43F1D3BDFD90012A56F /* PinAddedPopUpViewViewController.swift */ = {isa = PBXFileReference; fileEncoding = 4; lastKnownFileType = sourcecode.swift; path = PinAddedPopUpViewViewController.swift; sourceTree = "<group>"; };
		367FE4431D3BFB390012A56F /* PokemonDataStore.swift */ = {isa = PBXFileReference; fileEncoding = 4; lastKnownFileType = sourcecode.swift; path = PokemonDataStore.swift; sourceTree = "<group>"; };
		367FE4491D3C2C2B0012A56F /* RatingsControl.swift */ = {isa = PBXFileReference; fileEncoding = 4; lastKnownFileType = sourcecode.swift; path = RatingsControl.swift; sourceTree = "<group>"; };
		367FE44B1D3C2E6D0012A56F /* PokemonDetailView.swift */ = {isa = PBXFileReference; fileEncoding = 4; lastKnownFileType = sourcecode.swift; path = PokemonDetailView.swift; sourceTree = "<group>"; };
		367FE44D1D3C351E0012A56F /* Vote.swift */ = {isa = PBXFileReference; fileEncoding = 4; lastKnownFileType = sourcecode.swift; path = Vote.swift; sourceTree = "<group>"; };
		9C3194311D3B0FBF00B85F27 /* DraggablePokeballPin.swift */ = {isa = PBXFileReference; fileEncoding = 4; lastKnownFileType = sourcecode.swift; path = DraggablePokeballPin.swift; sourceTree = "<group>"; };
		9C3194331D3B132C00B85F27 /* Constants.swift */ = {isa = PBXFileReference; fileEncoding = 4; lastKnownFileType = sourcecode.swift; path = Constants.swift; sourceTree = "<group>"; };
/* End PBXFileReference section */

/* Begin PBXFrameworksBuildPhase section */
		367FE4031D3AE17F0012A56F /* Frameworks */ = {
			isa = PBXFrameworksBuildPhase;
			buildActionMask = 2147483647;
			files = (
			);
			runOnlyForDeploymentPostprocessing = 0;
		};
		367FE4171D3AE17F0012A56F /* Frameworks */ = {
			isa = PBXFrameworksBuildPhase;
			buildActionMask = 2147483647;
			files = (
			);
			runOnlyForDeploymentPostprocessing = 0;
		};
/* End PBXFrameworksBuildPhase section */

/* Begin PBXGroup section */
		367FE3FD1D3AE17F0012A56F = {
			isa = PBXGroup;
			children = (
				367FE4291D3AE18B0012A56F /* MapKit.framework */,
				367FE4081D3AE17F0012A56F /* pokemonTracker */,
				367FE41D1D3AE17F0012A56F /* pokemonTrackerTests */,
				367FE4071D3AE17F0012A56F /* Products */,
			);
			sourceTree = "<group>";
		};
		367FE4071D3AE17F0012A56F /* Products */ = {
			isa = PBXGroup;
			children = (
				367FE4061D3AE17F0012A56F /* pokemonTracker.app */,
				367FE41A1D3AE17F0012A56F /* pokemonTrackerTests.xctest */,
			);
			name = Products;
			sourceTree = "<group>";
		};
		367FE4081D3AE17F0012A56F /* pokemonTracker */ = {
			isa = PBXGroup;
			children = (
				367FE4091D3AE17F0012A56F /* AppDelegate.swift */,
				367FE40B1D3AE17F0012A56F /* ViewController.swift */,
				367FE4311D3AF2F40012A56F /* VCMapView.swift */,
				367FE42F1D3AEFC30012A56F /* pokemonAnnotation.swift */,
				367FE40D1D3AE17F0012A56F /* Main.storyboard */,
				367FE4491D3C2C2B0012A56F /* RatingsControl.swift */,
				367FE4101D3AE17F0012A56F /* Assets.xcassets */,
				367FE4121D3AE17F0012A56F /* LaunchScreen.storyboard */,
				367FE4151D3AE17F0012A56F /* Info.plist */,
				367FE42D1D3AEEC00012A56F /* mapAnnotation.swift */,
				367FE4331D3B20380012A56F /* PinTappedView.swift */,
				9C3194311D3B0FBF00B85F27 /* DraggablePokeballPin.swift */,
				9C3194331D3B132C00B85F27 /* Constants.swift */,
				367FE4391D3B455A0012A56F /* serverHelper.swift */,
				367FE43D1D3B505B0012A56F /* MainViewControllerProtocol.swift */,
				367FE43F1D3BDFD90012A56F /* PinAddedPopUpViewViewController.swift */,
				367FE4431D3BFB390012A56F /* PokemonDataStore.swift */,
				367FE44B1D3C2E6D0012A56F /* PokemonDetailView.swift */,
				367FE44D1D3C351E0012A56F /* Vote.swift */,
			);
			path = pokemonTracker;
			sourceTree = "<group>";
		};
		367FE41D1D3AE17F0012A56F /* pokemonTrackerTests */ = {
			isa = PBXGroup;
			children = (
				367FE41E1D3AE17F0012A56F /* pokemonTrackerTests.swift */,
				367FE4201D3AE17F0012A56F /* Info.plist */,
			);
			path = pokemonTrackerTests;
			sourceTree = "<group>";
		};
/* End PBXGroup section */

/* Begin PBXNativeTarget section */
		367FE4051D3AE17F0012A56F /* pokemonTracker */ = {
			isa = PBXNativeTarget;
			buildConfigurationList = 367FE4231D3AE17F0012A56F /* Build configuration list for PBXNativeTarget "pokemonTracker" */;
			buildPhases = (
				367FE4021D3AE17F0012A56F /* Sources */,
				367FE4031D3AE17F0012A56F /* Frameworks */,
				367FE4041D3AE17F0012A56F /* Resources */,
			);
			buildRules = (
			);
			dependencies = (
			);
			name = pokemonTracker;
			productName = pokemonTracker;
			productReference = 367FE4061D3AE17F0012A56F /* pokemonTracker.app */;
			productType = "com.apple.product-type.application";
		};
		367FE4191D3AE17F0012A56F /* pokemonTrackerTests */ = {
			isa = PBXNativeTarget;
			buildConfigurationList = 367FE4261D3AE17F0012A56F /* Build configuration list for PBXNativeTarget "pokemonTrackerTests" */;
			buildPhases = (
				367FE4161D3AE17F0012A56F /* Sources */,
				367FE4171D3AE17F0012A56F /* Frameworks */,
				367FE4181D3AE17F0012A56F /* Resources */,
			);
			buildRules = (
			);
			dependencies = (
				367FE41C1D3AE17F0012A56F /* PBXTargetDependency */,
			);
			name = pokemonTrackerTests;
			productName = pokemonTrackerTests;
			productReference = 367FE41A1D3AE17F0012A56F /* pokemonTrackerTests.xctest */;
			productType = "com.apple.product-type.bundle.unit-test";
		};
/* End PBXNativeTarget section */

/* Begin PBXProject section */
		367FE3FE1D3AE17F0012A56F /* Project object */ = {
			isa = PBXProject;
			attributes = {
				LastSwiftUpdateCheck = 0730;
				LastUpgradeCheck = 0730;
				ORGANIZATIONNAME = asleepinthetrees;
				TargetAttributes = {
					367FE4051D3AE17F0012A56F = {
						CreatedOnToolsVersion = 7.3.1;
					};
					367FE4191D3AE17F0012A56F = {
						CreatedOnToolsVersion = 7.3.1;
						TestTargetID = 367FE4051D3AE17F0012A56F;
					};
				};
			};
			buildConfigurationList = 367FE4011D3AE17F0012A56F /* Build configuration list for PBXProject "pokemonTracker" */;
			compatibilityVersion = "Xcode 3.2";
			developmentRegion = English;
			hasScannedForEncodings = 0;
			knownRegions = (
				en,
				Base,
			);
			mainGroup = 367FE3FD1D3AE17F0012A56F;
			productRefGroup = 367FE4071D3AE17F0012A56F /* Products */;
			projectDirPath = "";
			projectRoot = "";
			targets = (
				367FE4051D3AE17F0012A56F /* pokemonTracker */,
				367FE4191D3AE17F0012A56F /* pokemonTrackerTests */,
			);
		};
/* End PBXProject section */

/* Begin PBXResourcesBuildPhase section */
		367FE4041D3AE17F0012A56F /* Resources */ = {
			isa = PBXResourcesBuildPhase;
			buildActionMask = 2147483647;
			files = (
				367FE4141D3AE17F0012A56F /* LaunchScreen.storyboard in Resources */,
				367FE4111D3AE17F0012A56F /* Assets.xcassets in Resources */,
				367FE40F1D3AE17F0012A56F /* Main.storyboard in Resources */,
			);
			runOnlyForDeploymentPostprocessing = 0;
		};
		367FE4181D3AE17F0012A56F /* Resources */ = {
			isa = PBXResourcesBuildPhase;
			buildActionMask = 2147483647;
			files = (
			);
			runOnlyForDeploymentPostprocessing = 0;
		};
/* End PBXResourcesBuildPhase section */

/* Begin PBXSourcesBuildPhase section */
		367FE4021D3AE17F0012A56F /* Sources */ = {
			isa = PBXSourcesBuildPhase;
			buildActionMask = 2147483647;
			files = (
				367FE42E1D3AEEC00012A56F /* mapAnnotation.swift in Sources */,
				367FE43E1D3B505B0012A56F /* MainViewControllerProtocol.swift in Sources */,
				9C3194321D3B0FBF00B85F27 /* DraggablePokeballPin.swift in Sources */,
				367FE4401D3BDFD90012A56F /* PinAddedPopUpViewViewController.swift in Sources */,
				367FE40C1D3AE17F0012A56F /* ViewController.swift in Sources */,
				367FE44C1D3C2E6D0012A56F /* PokemonDetailView.swift in Sources */,
				367FE4321D3AF2F40012A56F /* VCMapView.swift in Sources */,
				367FE44E1D3C351E0012A56F /* Vote.swift in Sources */,
				9C3194341D3B132C00B85F27 /* Constants.swift in Sources */,
				367FE43A1D3B455A0012A56F /* serverHelper.swift in Sources */,
				367FE4301D3AEFC30012A56F /* pokemonAnnotation.swift in Sources */,
				367FE4441D3BFB390012A56F /* PokemonDataStore.swift in Sources */,
				367FE44A1D3C2C2B0012A56F /* RatingsControl.swift in Sources */,
				367FE4341D3B20380012A56F /* PinTappedView.swift in Sources */,
				367FE40A1D3AE17F0012A56F /* AppDelegate.swift in Sources */,
			);
			runOnlyForDeploymentPostprocessing = 0;
		};
		367FE4161D3AE17F0012A56F /* Sources */ = {
			isa = PBXSourcesBuildPhase;
			buildActionMask = 2147483647;
			files = (
				367FE41F1D3AE17F0012A56F /* pokemonTrackerTests.swift in Sources */,
			);
			runOnlyForDeploymentPostprocessing = 0;
		};
/* End PBXSourcesBuildPhase section */

/* Begin PBXTargetDependency section */
		367FE41C1D3AE17F0012A56F /* PBXTargetDependency */ = {
			isa = PBXTargetDependency;
			target = 367FE4051D3AE17F0012A56F /* pokemonTracker */;
			targetProxy = 367FE41B1D3AE17F0012A56F /* PBXContainerItemProxy */;
		};
/* End PBXTargetDependency section */

/* Begin PBXVariantGroup section */
		367FE40D1D3AE17F0012A56F /* Main.storyboard */ = {
			isa = PBXVariantGroup;
			children = (
				367FE40E1D3AE17F0012A56F /* Base */,
			);
			name = Main.storyboard;
			sourceTree = "<group>";
		};
		367FE4121D3AE17F0012A56F /* LaunchScreen.storyboard */ = {
			isa = PBXVariantGroup;
			children = (
				367FE4131D3AE17F0012A56F /* Base */,
			);
			name = LaunchScreen.storyboard;
			sourceTree = "<group>";
		};
/* End PBXVariantGroup section */

/* Begin XCBuildConfiguration section */
		367FE4211D3AE17F0012A56F /* Debug */ = {
			isa = XCBuildConfiguration;
			buildSettings = {
				ALWAYS_SEARCH_USER_PATHS = NO;
				CLANG_ANALYZER_NONNULL = YES;
				CLANG_CXX_LANGUAGE_STANDARD = "gnu++0x";
				CLANG_CXX_LIBRARY = "libc++";
				CLANG_ENABLE_MODULES = YES;
				CLANG_ENABLE_OBJC_ARC = YES;
				CLANG_WARN_BOOL_CONVERSION = YES;
				CLANG_WARN_CONSTANT_CONVERSION = YES;
				CLANG_WARN_DIRECT_OBJC_ISA_USAGE = YES_ERROR;
				CLANG_WARN_EMPTY_BODY = YES;
				CLANG_WARN_ENUM_CONVERSION = YES;
				CLANG_WARN_INT_CONVERSION = YES;
				CLANG_WARN_OBJC_ROOT_CLASS = YES_ERROR;
				CLANG_WARN_UNREACHABLE_CODE = YES;
				CLANG_WARN__DUPLICATE_METHOD_MATCH = YES;
				"CODE_SIGN_IDENTITY[sdk=iphoneos*]" = "iPhone Developer";
				COPY_PHASE_STRIP = NO;
				DEBUG_INFORMATION_FORMAT = dwarf;
				ENABLE_STRICT_OBJC_MSGSEND = YES;
				ENABLE_TESTABILITY = YES;
				GCC_C_LANGUAGE_STANDARD = gnu99;
				GCC_DYNAMIC_NO_PIC = NO;
				GCC_NO_COMMON_BLOCKS = YES;
				GCC_OPTIMIZATION_LEVEL = 0;
				GCC_PREPROCESSOR_DEFINITIONS = (
					"DEBUG=1",
					"$(inherited)",
				);
				GCC_WARN_64_TO_32_BIT_CONVERSION = YES;
				GCC_WARN_ABOUT_RETURN_TYPE = YES_ERROR;
				GCC_WARN_UNDECLARED_SELECTOR = YES;
				GCC_WARN_UNINITIALIZED_AUTOS = YES_AGGRESSIVE;
				GCC_WARN_UNUSED_FUNCTION = YES;
				GCC_WARN_UNUSED_VARIABLE = YES;
				IPHONEOS_DEPLOYMENT_TARGET = 9.3;
				MTL_ENABLE_DEBUG_INFO = YES;
				ONLY_ACTIVE_ARCH = YES;
				SDKROOT = iphoneos;
				SWIFT_OPTIMIZATION_LEVEL = "-Onone";
			};
			name = Debug;
		};
		367FE4221D3AE17F0012A56F /* Release */ = {
			isa = XCBuildConfiguration;
			buildSettings = {
				ALWAYS_SEARCH_USER_PATHS = NO;
				CLANG_ANALYZER_NONNULL = YES;
				CLANG_CXX_LANGUAGE_STANDARD = "gnu++0x";
				CLANG_CXX_LIBRARY = "libc++";
				CLANG_ENABLE_MODULES = YES;
				CLANG_ENABLE_OBJC_ARC = YES;
				CLANG_WARN_BOOL_CONVERSION = YES;
				CLANG_WARN_CONSTANT_CONVERSION = YES;
				CLANG_WARN_DIRECT_OBJC_ISA_USAGE = YES_ERROR;
				CLANG_WARN_EMPTY_BODY = YES;
				CLANG_WARN_ENUM_CONVERSION = YES;
				CLANG_WARN_INT_CONVERSION = YES;
				CLANG_WARN_OBJC_ROOT_CLASS = YES_ERROR;
				CLANG_WARN_UNREACHABLE_CODE = YES;
				CLANG_WARN__DUPLICATE_METHOD_MATCH = YES;
				"CODE_SIGN_IDENTITY[sdk=iphoneos*]" = "iPhone Developer";
				COPY_PHASE_STRIP = NO;
				DEBUG_INFORMATION_FORMAT = "dwarf-with-dsym";
				ENABLE_NS_ASSERTIONS = NO;
				ENABLE_STRICT_OBJC_MSGSEND = YES;
				GCC_C_LANGUAGE_STANDARD = gnu99;
				GCC_NO_COMMON_BLOCKS = YES;
				GCC_WARN_64_TO_32_BIT_CONVERSION = YES;
				GCC_WARN_ABOUT_RETURN_TYPE = YES_ERROR;
				GCC_WARN_UNDECLARED_SELECTOR = YES;
				GCC_WARN_UNINITIALIZED_AUTOS = YES_AGGRESSIVE;
				GCC_WARN_UNUSED_FUNCTION = YES;
				GCC_WARN_UNUSED_VARIABLE = YES;
				IPHONEOS_DEPLOYMENT_TARGET = 9.3;
				MTL_ENABLE_DEBUG_INFO = NO;
				SDKROOT = iphoneos;
				VALIDATE_PRODUCT = YES;
			};
			name = Release;
		};
		367FE4241D3AE17F0012A56F /* Debug */ = {
			isa = XCBuildConfiguration;
			buildSettings = {
				ASSETCATALOG_COMPILER_APPICON_NAME = AppIcon;
				INFOPLIST_FILE = pokemonTracker/Info.plist;
				LD_RUNPATH_SEARCH_PATHS = "$(inherited) @executable_path/Frameworks";
				PRODUCT_BUNDLE_IDENTIFIER = "Luke-Murray.pokemonTracker";
				PRODUCT_NAME = "$(TARGET_NAME)";
				TARGETED_DEVICE_FAMILY = 1;
			};
			name = Debug;
		};
		367FE4251D3AE17F0012A56F /* Release */ = {
			isa = XCBuildConfiguration;
			buildSettings = {
				ASSETCATALOG_COMPILER_APPICON_NAME = AppIcon;
				INFOPLIST_FILE = pokemonTracker/Info.plist;
				LD_RUNPATH_SEARCH_PATHS = "$(inherited) @executable_path/Frameworks";
				PRODUCT_BUNDLE_IDENTIFIER = "Luke-Murray.pokemonTracker";
				PRODUCT_NAME = "$(TARGET_NAME)";
				TARGETED_DEVICE_FAMILY = 1;
			};
			name = Release;
		};
		367FE4271D3AE17F0012A56F /* Debug */ = {
			isa = XCBuildConfiguration;
			buildSettings = {
				BUNDLE_LOADER = "$(TEST_HOST)";
				INFOPLIST_FILE = pokemonTrackerTests/Info.plist;
				LD_RUNPATH_SEARCH_PATHS = "$(inherited) @executable_path/Frameworks @loader_path/Frameworks";
				PRODUCT_BUNDLE_IDENTIFIER = "Luke-Murray.pokemonTrackerTests";
				PRODUCT_NAME = "$(TARGET_NAME)";
				TEST_HOST = "$(BUILT_PRODUCTS_DIR)/pokemonTracker.app/pokemonTracker";
			};
			name = Debug;
		};
		367FE4281D3AE17F0012A56F /* Release */ = {
			isa = XCBuildConfiguration;
			buildSettings = {
				BUNDLE_LOADER = "$(TEST_HOST)";
				INFOPLIST_FILE = pokemonTrackerTests/Info.plist;
				LD_RUNPATH_SEARCH_PATHS = "$(inherited) @executable_path/Frameworks @loader_path/Frameworks";
				PRODUCT_BUNDLE_IDENTIFIER = "Luke-Murray.pokemonTrackerTests";
				PRODUCT_NAME = "$(TARGET_NAME)";
				TEST_HOST = "$(BUILT_PRODUCTS_DIR)/pokemonTracker.app/pokemonTracker";
			};
			name = Release;
		};
/* End XCBuildConfiguration section */

/* Begin XCConfigurationList section */
		367FE4011D3AE17F0012A56F /* Build configuration list for PBXProject "pokemonTracker" */ = {
			isa = XCConfigurationList;
			buildConfigurations = (
				367FE4211D3AE17F0012A56F /* Debug */,
				367FE4221D3AE17F0012A56F /* Release */,
			);
			defaultConfigurationIsVisible = 0;
			defaultConfigurationName = Release;
		};
		367FE4231D3AE17F0012A56F /* Build configuration list for PBXNativeTarget "pokemonTracker" */ = {
			isa = XCConfigurationList;
			buildConfigurations = (
				367FE4241D3AE17F0012A56F /* Debug */,
				367FE4251D3AE17F0012A56F /* Release */,
			);
			defaultConfigurationIsVisible = 0;
			defaultConfigurationName = Release;
		};
		367FE4261D3AE17F0012A56F /* Build configuration list for PBXNativeTarget "pokemonTrackerTests" */ = {
			isa = XCConfigurationList;
			buildConfigurations = (
				367FE4271D3AE17F0012A56F /* Debug */,
				367FE4281D3AE17F0012A56F /* Release */,
			);
			defaultConfigurationIsVisible = 0;
			defaultConfigurationName = Release;
		};
/* End XCConfigurationList section */
	};
	rootObject = 367FE3FE1D3AE17F0012A56F /* Project object */;
}
